
Microsoft Visual Studio Solution File, Format Version 12.00
# Visual Studio Version 17
VisualStudioVersion = 17.3.32901.215
MinimumVisualStudioVersion = 10.0.40219.1
Project("{FAE04EC0-301F-11D3-BF4B-00C04F79EFBC}") = "WebApplication1", "WebApplication1\WebApplication1.csproj", "{29A4CCC2-03CD-481F-9079-F816B8270841}"
EndProject
Global
	GlobalSection(SolutionConfigurationPlatforms) = preSolution
		Debug|Any CPU = Debug|Any CPU
		Release|Any CPU = Release|Any CPU
	EndGlobalSection
	GlobalSection(ProjectConfigurationPlatforms) = postSolution
		{29A4CCC2-03CD-481F-9079-F816B8270841}.Debug|Any CPU.ActiveCfg = Debug|Any CPU
		{29A4CCC2-03CD-481F-9079-F816B8270841}.Debug|Any CPU.Build.0 = Debug|Any CPU
		{29A4CCC2-03CD-481F-9079-F816B8270841}.Release|Any CPU.ActiveCfg = Release|Any CPU
		{29A4CCC2-03CD-481F-9079-F816B8270841}.Release|Any CPU.Build.0 = Release|Any CPU
	EndGlobalSection
	GlobalSection(SolutionProperties) = preSolution
		HideSolutionNode = FALSE
	EndGlobalSection
	GlobalSection(ExtensibilityGlobals) = postSolution
		SolutionGuid = {90952F04-784C-4ABA-9003-789E727044A7}
	EndGlobalSection
EndGlobal
